
Microsoft Visual Studio Solution File, Format Version 12.00
# Visual Studio 2012
Project("{FAE04EC0-301F-11D3-BF4B-00C04F79EFBC}") = "UPnP_CP", "UPnP_CP\UPnP_CP.csproj", "{C0553D6D-B801-4D88-81CB-786496BF5143}"
EndProject
Project("{FAE04EC0-301F-11D3-BF4B-00C04F79EFBC}") = "UPnP", "UPnP\UPnP.csproj", "{584ED187-8F2A-4B58-A266-85F3F212B092}"
EndProject
Project("{FAE04EC0-301F-11D3-BF4B-00C04F79EFBC}") = "Database", "Database\Database.csproj", "{56B100A5-1455-431C-86C4-EF6BE036BBF4}"
EndProject
Project("{FAE04EC0-301F-11D3-BF4B-00C04F79EFBC}") = "dbclases", "dbclases\dbclases.csproj", "{D16CE8E0-B4FC-4152-BBA1-14170D833736}"
EndProject
Project("{FAE04EC0-301F-11D3-BF4B-00C04F79EFBC}") = "FileSender", "FileSender\FileSender\FileSender\FileSender.csproj", "{15B963D9-412B-4AA6-BF77-FA53F5CBC438}"
EndProject
Project("{FAE04EC0-301F-11D3-BF4B-00C04F79EFBC}") = "FileSender.Tests", "FileSender\FileSender\FileSender.Tests\FileSender.Tests.csproj", "{5143EE60-B0D9-4440-A7A0-51358B1F5234}"
EndProject
Project("{FAE04EC0-301F-11D3-BF4B-00C04F79EFBC}") = "Live555", "Live555\Live555.csproj", "{CC85FBE0-C95D-4C5F-A03E-98ACAF9FD486}"
EndProject
Project("{FAE04EC0-301F-11D3-BF4B-00C04F79EFBC}") = "MetadataReader", "MetadataReader\MetadataReader.csproj", "{97F9252F-F30D-41CF-BB96-050068FD1948}"
EndProject
Project("{FAE04EC0-301F-11D3-BF4B-00C04F79EFBC}") = "playerlayout", "playerlayout\playerlayout.csproj", "{C1419078-3E54-4701-84C3-60C00CB189C6}"
EndProject
Project("{FAE04EC0-301F-11D3-BF4B-00C04F79EFBC}") = "TemplateSync", "TemplateSync\TemplateSync.csproj", "{DB36984E-DC7B-4304-8E11-D875B7C8A121}"
EndProject
Project("{FAE04EC0-301F-11D3-BF4B-00C04F79EFBC}") = "LocalDbTester", "LocalDbTester\LocalDbTester.csproj", "{94C93E69-A96A-4A8E-AA12-A4B513E96E49}"
EndProject
Project("{FAE04EC0-301F-11D3-BF4B-00C04F79EFBC}") = "PiDbTester", "PiDbTester\PiDbTester.csproj", "{E4AF34BF-8D81-4A1F-BA96-05A28CE59E7C}"
EndProject
Project("{FAE04EC0-301F-11D3-BF4B-00C04F79EFBC}") = "XMLHandler", "XMLHandler\XMLHandler.csproj", "{A203A151-1893-4C72-8D53-28962537605F}"
EndProject
Project("{FAE04EC0-301F-11D3-BF4B-00C04F79EFBC}") = "Containers", "Containers\Containers.csproj", "{50FDC392-2CA9-4114-9789-2C1B2AAAF766}"
EndProject
Project("{FAE04EC0-301F-11D3-BF4B-00C04F79EFBC}") = "musikindextest", "musikindextest\musikindextest.csproj", "{2703D8F7-1808-437F-AC10-7485817CC353}"
EndProject
Project("{F088123C-0E9E-452A-89E6-6BA2F21D5CAC}") = "PCMODEL", "PCMODEL\PCMODEL.modelproj", "{E8652035-C0B4-4A3D-9777-C34FCE13DCBC}"
EndProject
Global
	GlobalSection(SolutionConfigurationPlatforms) = preSolution
		Debug|Any CPU = Debug|Any CPU
		Debug|x64 = Debug|x64
		Release|Any CPU = Release|Any CPU
		Release|x64 = Release|x64
	EndGlobalSection
	GlobalSection(ProjectConfigurationPlatforms) = postSolution
		{C0553D6D-B801-4D88-81CB-786496BF5143}.Debug|Any CPU.ActiveCfg = Debug|Any CPU
		{C0553D6D-B801-4D88-81CB-786496BF5143}.Debug|Any CPU.Build.0 = Debug|Any CPU
		{C0553D6D-B801-4D88-81CB-786496BF5143}.Debug|x64.ActiveCfg = Debug|Any CPU
		{C0553D6D-B801-4D88-81CB-786496BF5143}.Release|Any CPU.ActiveCfg = Release|Any CPU
		{C0553D6D-B801-4D88-81CB-786496BF5143}.Release|Any CPU.Build.0 = Release|Any CPU
		{C0553D6D-B801-4D88-81CB-786496BF5143}.Release|x64.ActiveCfg = Release|Any CPU
		{584ED187-8F2A-4B58-A266-85F3F212B092}.Debug|Any CPU.ActiveCfg = Debug|Any CPU
		{584ED187-8F2A-4B58-A266-85F3F212B092}.Debug|Any CPU.Build.0 = Debug|Any CPU
		{584ED187-8F2A-4B58-A266-85F3F212B092}.Debug|x64.ActiveCfg = Debug|x64
		{584ED187-8F2A-4B58-A266-85F3F212B092}.Debug|x64.Build.0 = Debug|x64
		{584ED187-8F2A-4B58-A266-85F3F212B092}.Release|Any CPU.ActiveCfg = Release|Any CPU
		{584ED187-8F2A-4B58-A266-85F3F212B092}.Release|Any CPU.Build.0 = Release|Any CPU
		{584ED187-8F2A-4B58-A266-85F3F212B092}.Release|x64.ActiveCfg = Release|x64
		{584ED187-8F2A-4B58-A266-85F3F212B092}.Release|x64.Build.0 = Release|x64
		{56B100A5-1455-431C-86C4-EF6BE036BBF4}.Debug|Any CPU.ActiveCfg = Debug|Any CPU
		{56B100A5-1455-431C-86C4-EF6BE036BBF4}.Debug|Any CPU.Build.0 = Debug|Any CPU
		{56B100A5-1455-431C-86C4-EF6BE036BBF4}.Debug|x64.ActiveCfg = Debug|Any CPU
		{56B100A5-1455-431C-86C4-EF6BE036BBF4}.Release|Any CPU.ActiveCfg = Release|Any CPU
		{56B100A5-1455-431C-86C4-EF6BE036BBF4}.Release|Any CPU.Build.0 = Release|Any CPU
		{56B100A5-1455-431C-86C4-EF6BE036BBF4}.Release|x64.ActiveCfg = Release|Any CPU
		{D16CE8E0-B4FC-4152-BBA1-14170D833736}.Debug|Any CPU.ActiveCfg = Debug|Any CPU
		{D16CE8E0-B4FC-4152-BBA1-14170D833736}.Debug|Any CPU.Build.0 = Debug|Any CPU
		{D16CE8E0-B4FC-4152-BBA1-14170D833736}.Debug|x64.ActiveCfg = Debug|Any CPU
		{D16CE8E0-B4FC-4152-BBA1-14170D833736}.Release|Any CPU.ActiveCfg = Release|Any CPU
		{D16CE8E0-B4FC-4152-BBA1-14170D833736}.Release|Any CPU.Build.0 = Release|Any CPU
		{D16CE8E0-B4FC-4152-BBA1-14170D833736}.Release|x64.ActiveCfg = Release|Any CPU
		{15B963D9-412B-4AA6-BF77-FA53F5CBC438}.Debug|Any CPU.ActiveCfg = Debug|Any CPU
		{15B963D9-412B-4AA6-BF77-FA53F5CBC438}.Debug|Any CPU.Build.0 = Debug|Any CPU
		{15B963D9-412B-4AA6-BF77-FA53F5CBC438}.Debug|x64.ActiveCfg = Debug|Any CPU
		{15B963D9-412B-4AA6-BF77-FA53F5CBC438}.Release|Any CPU.ActiveCfg = Release|Any CPU
		{15B963D9-412B-4AA6-BF77-FA53F5CBC438}.Release|Any CPU.Build.0 = Release|Any CPU
		{15B963D9-412B-4AA6-BF77-FA53F5CBC438}.Release|x64.ActiveCfg = Release|Any CPU
		{5143EE60-B0D9-4440-A7A0-51358B1F5234}.Debug|Any CPU.ActiveCfg = Debug|Any CPU
		{5143EE60-B0D9-4440-A7A0-51358B1F5234}.Debug|Any CPU.Build.0 = Debug|Any CPU
		{5143EE60-B0D9-4440-A7A0-51358B1F5234}.Debug|x64.ActiveCfg = Debug|Any CPU
		{5143EE60-B0D9-4440-A7A0-51358B1F5234}.Release|Any CPU.ActiveCfg = Release|Any CPU
		{5143EE60-B0D9-4440-A7A0-51358B1F5234}.Release|Any CPU.Build.0 = Release|Any CPU
		{5143EE60-B0D9-4440-A7A0-51358B1F5234}.Release|x64.ActiveCfg = Release|Any CPU
		{CC85FBE0-C95D-4C5F-A03E-98ACAF9FD486}.Debug|Any CPU.ActiveCfg = Debug|Any CPU
		{CC85FBE0-C95D-4C5F-A03E-98ACAF9FD486}.Debug|Any CPU.Build.0 = Debug|Any CPU
		{CC85FBE0-C95D-4C5F-A03E-98ACAF9FD486}.Debug|x64.ActiveCfg = Debug|Any CPU
		{CC85FBE0-C95D-4C5F-A03E-98ACAF9FD486}.Release|Any CPU.ActiveCfg = Release|Any CPU
		{CC85FBE0-C95D-4C5F-A03E-98ACAF9FD486}.Release|Any CPU.Build.0 = Release|Any CPU
		{CC85FBE0-C95D-4C5F-A03E-98ACAF9FD486}.Release|x64.ActiveCfg = Release|Any CPU
		{97F9252F-F30D-41CF-BB96-050068FD1948}.Debug|Any CPU.ActiveCfg = Debug|Any CPU
		{97F9252F-F30D-41CF-BB96-050068FD1948}.Debug|Any CPU.Build.0 = Debug|Any CPU
		{97F9252F-F30D-41CF-BB96-050068FD1948}.Debug|x64.ActiveCfg = Debug|Any CPU
		{97F9252F-F30D-41CF-BB96-050068FD1948}.Release|Any CPU.ActiveCfg = Release|Any CPU
		{97F9252F-F30D-41CF-BB96-050068FD1948}.Release|Any CPU.Build.0 = Release|Any CPU
		{97F9252F-F30D-41CF-BB96-050068FD1948}.Release|x64.ActiveCfg = Release|Any CPU
		{C1419078-3E54-4701-84C3-60C00CB189C6}.Debug|Any CPU.ActiveCfg = Debug|Any CPU
		{C1419078-3E54-4701-84C3-60C00CB189C6}.Debug|Any CPU.Build.0 = Debug|Any CPU
		{C1419078-3E54-4701-84C3-60C00CB189C6}.Debug|x64.ActiveCfg = Debug|Any CPU
		{C1419078-3E54-4701-84C3-60C00CB189C6}.Release|Any CPU.ActiveCfg = Release|Any CPU
		{C1419078-3E54-4701-84C3-60C00CB189C6}.Release|Any CPU.Build.0 = Release|Any CPU
		{C1419078-3E54-4701-84C3-60C00CB189C6}.Release|x64.ActiveCfg = Release|Any CPU
		{DB36984E-DC7B-4304-8E11-D875B7C8A121}.Debug|Any CPU.ActiveCfg = Debug|Any CPU
		{DB36984E-DC7B-4304-8E11-D875B7C8A121}.Debug|Any CPU.Build.0 = Debug|Any CPU
		{DB36984E-DC7B-4304-8E11-D875B7C8A121}.Debug|x64.ActiveCfg = Debug|Any CPU
		{DB36984E-DC7B-4304-8E11-D875B7C8A121}.Release|Any CPU.ActiveCfg = Release|Any CPU
		{DB36984E-DC7B-4304-8E11-D875B7C8A121}.Release|Any CPU.Build.0 = Release|Any CPU
		{DB36984E-DC7B-4304-8E11-D875B7C8A121}.Release|x64.ActiveCfg = Release|Any CPU
		{94C93E69-A96A-4A8E-AA12-A4B513E96E49}.Debug|Any CPU.ActiveCfg = Debug|Any CPU
		{94C93E69-A96A-4A8E-AA12-A4B513E96E49}.Debug|Any CPU.Build.0 = Debug|Any CPU
		{94C93E69-A96A-4A8E-AA12-A4B513E96E49}.Debug|x64.ActiveCfg = Debug|Any CPU
		{94C93E69-A96A-4A8E-AA12-A4B513E96E49}.Release|Any CPU.ActiveCfg = Release|Any CPU
		{94C93E69-A96A-4A8E-AA12-A4B513E96E49}.Release|Any CPU.Build.0 = Release|Any CPU
		{94C93E69-A96A-4A8E-AA12-A4B513E96E49}.Release|x64.ActiveCfg = Release|Any CPU
		{E4AF34BF-8D81-4A1F-BA96-05A28CE59E7C}.Debug|Any CPU.ActiveCfg = Debug|Any CPU
		{E4AF34BF-8D81-4A1F-BA96-05A28CE59E7C}.Debug|Any CPU.Build.0 = Debug|Any CPU
		{E4AF34BF-8D81-4A1F-BA96-05A28CE59E7C}.Debug|x64.ActiveCfg = Debug|Any CPU
		{E4AF34BF-8D81-4A1F-BA96-05A28CE59E7C}.Release|Any CPU.ActiveCfg = Release|Any CPU
		{E4AF34BF-8D81-4A1F-BA96-05A28CE59E7C}.Release|Any CPU.Build.0 = Release|Any CPU
		{E4AF34BF-8D81-4A1F-BA96-05A28CE59E7C}.Release|x64.ActiveCfg = Release|Any CPU
		{A203A151-1893-4C72-8D53-28962537605F}.Debug|Any CPU.ActiveCfg = Debug|Any CPU
		{A203A151-1893-4C72-8D53-28962537605F}.Debug|Any CPU.Build.0 = Debug|Any CPU
		{A203A151-1893-4C72-8D53-28962537605F}.Debug|x64.ActiveCfg = Debug|Any CPU
		{A203A151-1893-4C72-8D53-28962537605F}.Release|Any CPU.ActiveCfg = Release|Any CPU
		{A203A151-1893-4C72-8D53-28962537605F}.Release|Any CPU.Build.0 = Release|Any CPU
		{A203A151-1893-4C72-8D53-28962537605F}.Release|x64.ActiveCfg = Release|Any CPU
		{50FDC392-2CA9-4114-9789-2C1B2AAAF766}.Debug|Any CPU.ActiveCfg = Debug|Any CPU
		{50FDC392-2CA9-4114-9789-2C1B2AAAF766}.Debug|Any CPU.Build.0 = Debug|Any CPU
		{50FDC392-2CA9-4114-9789-2C1B2AAAF766}.Debug|x64.ActiveCfg = Debug|Any CPU
		{50FDC392-2CA9-4114-9789-2C1B2AAAF766}.Release|Any CPU.ActiveCfg = Release|Any CPU
		{50FDC392-2CA9-4114-9789-2C1B2AAAF766}.Release|Any CPU.Build.0 = Release|Any CPU
		{50FDC392-2CA9-4114-9789-2C1B2AAAF766}.Release|x64.ActiveCfg = Release|Any CPU
		{2703D8F7-1808-437F-AC10-7485817CC353}.Debug|Any CPU.ActiveCfg = Debug|Any CPU
		{2703D8F7-1808-437F-AC10-7485817CC353}.Debug|Any CPU.Build.0 = Debug|Any CPU
		{2703D8F7-1808-437F-AC10-7485817CC353}.Debug|x64.ActiveCfg = Debug|Any CPU
		{2703D8F7-1808-437F-AC10-7485817CC353}.Release|Any CPU.ActiveCfg = Release|Any CPU
		{2703D8F7-1808-437F-AC10-7485817CC353}.Release|Any CPU.Build.0 = Release|Any CPU
		{2703D8F7-1808-437F-AC10-7485817CC353}.Release|x64.ActiveCfg = Release|Any CPU
		{E8652035-C0B4-4A3D-9777-C34FCE13DCBC}.Debug|Any CPU.ActiveCfg = Debug|Any CPU
		{E8652035-C0B4-4A3D-9777-C34FCE13DCBC}.Debug|Any CPU.Build.0 = Debug|Any CPU
		{E8652035-C0B4-4A3D-9777-C34FCE13DCBC}.Debug|x64.ActiveCfg = Debug|Any CPU
		{E8652035-C0B4-4A3D-9777-C34FCE13DCBC}.Release|Any CPU.ActiveCfg = Release|Any CPU
		{E8652035-C0B4-4A3D-9777-C34FCE13DCBC}.Release|Any CPU.Build.0 = Release|Any CPU
		{E8652035-C0B4-4A3D-9777-C34FCE13DCBC}.Release|x64.ActiveCfg = Release|Any CPU
	EndGlobalSection
	GlobalSection(SolutionProperties) = preSolution
		HideSolutionNode = FALSE
	EndGlobalSection
EndGlobal
